
Microsoft Visual Studio Solution File, Format Version 12.00
# Visual Studio 2013
VisualStudioVersion = 12.0.31101.0
MinimumVisualStudioVersion = 10.0.40219.1
Project("{FAE04EC0-301F-11D3-BF4B-00C04F79EFBC}") = "PKMeansSim", "PKMeansSim\PKMeansSim.csproj", "{AD08BFA1-F55A-4EF6-B51D-9D36ECE5BDBB}"
EndProject
Global
	GlobalSection(SolutionConfigurationPlatforms) = preSolution
		Debug|Any CPU = Debug|Any CPU
		Release|Any CPU = Release|Any CPU
	EndGlobalSection
	GlobalSection(ProjectConfigurationPlatforms) = postSolution
		{AD08BFA1-F55A-4EF6-B51D-9D36ECE5BDBB}.Debug|Any CPU.ActiveCfg = Debug|Any CPU
		{AD08BFA1-F55A-4EF6-B51D-9D36ECE5BDBB}.Debug|Any CPU.Build.0 = Debug|Any CPU
		{AD08BFA1-F55A-4EF6-B51D-9D36ECE5BDBB}.Release|Any CPU.ActiveCfg = Release|Any CPU
		{AD08BFA1-F55A-4EF6-B51D-9D36ECE5BDBB}.Release|Any CPU.Build.0 = Release|Any CPU
	EndGlobalSection
	GlobalSection(SolutionProperties) = preSolution
		HideSolutionNode = FALSE
	EndGlobalSection
EndGlobal
